
Microsoft Visual Studio Solution File, Format Version 12.00
# Visual Studio 15
VisualStudioVersion = 15.0.28307.902
MinimumVisualStudioVersion = 10.0.40219.1
Project("{FAE04EC0-301F-11D3-BF4B-00C04F79EFBC}") = "CursoAspCoreAngular.Dominio", "CursoAspCoreAngular.Dominio\CursoAspCoreAngular.Dominio.csproj", "{2AE6020D-D569-4B1C-B259-B819ACDDDDFD}"
EndProject
Project("{FAE04EC0-301F-11D3-BF4B-00C04F79EFBC}") = "CursoAspCoreAngular.Repositorio", "CursoAspCoreAngular.Repositorio\CursoAspCoreAngular.Repositorio.csproj", "{2F2E3FFE-5B2A-4415-9841-2C2DCF13B241}"
EndProject
Project("{FAE04EC0-301F-11D3-BF4B-00C04F79EFBC}") = "CursoAspCoreAngular.Web", "CursoAspCoreAngular.Web\CursoAspCoreAngular.Web.csproj", "{818AAFB1-6390-4334-A7FF-8845C819F701}"
EndProject
Global
	GlobalSection(SolutionConfigurationPlatforms) = preSolution
		Debug|Any CPU = Debug|Any CPU
		Release|Any CPU = Release|Any CPU
	EndGlobalSection
	GlobalSection(ProjectConfigurationPlatforms) = postSolution
		{2AE6020D-D569-4B1C-B259-B819ACDDDDFD}.Debug|Any CPU.ActiveCfg = Debug|Any CPU
		{2AE6020D-D569-4B1C-B259-B819ACDDDDFD}.Debug|Any CPU.Build.0 = Debug|Any CPU
		{2AE6020D-D569-4B1C-B259-B819ACDDDDFD}.Release|Any CPU.ActiveCfg = Release|Any CPU
		{2AE6020D-D569-4B1C-B259-B819ACDDDDFD}.Release|Any CPU.Build.0 = Release|Any CPU
		{2F2E3FFE-5B2A-4415-9841-2C2DCF13B241}.Debug|Any CPU.ActiveCfg = Debug|Any CPU
		{2F2E3FFE-5B2A-4415-9841-2C2DCF13B241}.Debug|Any CPU.Build.0 = Debug|Any CPU
		{2F2E3FFE-5B2A-4415-9841-2C2DCF13B241}.Release|Any CPU.ActiveCfg = Release|Any CPU
		{2F2E3FFE-5B2A-4415-9841-2C2DCF13B241}.Release|Any CPU.Build.0 = Release|Any CPU
		{818AAFB1-6390-4334-A7FF-8845C819F701}.Debug|Any CPU.ActiveCfg = Debug|Any CPU
		{818AAFB1-6390-4334-A7FF-8845C819F701}.Debug|Any CPU.Build.0 = Debug|Any CPU
		{818AAFB1-6390-4334-A7FF-8845C819F701}.Release|Any CPU.ActiveCfg = Release|Any CPU
		{818AAFB1-6390-4334-A7FF-8845C819F701}.Release|Any CPU.Build.0 = Release|Any CPU
	EndGlobalSection
	GlobalSection(SolutionProperties) = preSolution
		HideSolutionNode = FALSE
	EndGlobalSection
	GlobalSection(ExtensibilityGlobals) = postSolution
		SolutionGuid = {88F8585F-7138-43BC-A863-0DC808B4CCDB}
	EndGlobalSection
EndGlobal
